
Microsoft Visual Studio Solution File, Format Version 12.00
# Visual Studio Version 17
VisualStudioVersion = 17.0.31919.166
MinimumVisualStudioVersion = 10.0.40219.1
Project("{9A19103F-16F7-4668-BE54-9A1E7A4F7556}") = "RetroMikeMiningTools", "RetroMikeMiningTools\RetroMikeMiningTools.csproj", "{7EB55A58-0C36-4286-8819-AA761A18592D}"
EndProject
Project("{2150E333-8FDC-42A3-9474-1A3956D46DE8}") = "Solution Items", "Solution Items", "{208959D6-357B-47D7-B445-3E6AC0F4C510}"
	ProjectSection(SolutionItems) = preProject
		hive_install.sh = hive_install.sh
		hive_install_multi_user.sh = hive_install_multi_user.sh
		linux_install_multi_user.sh = linux_install_multi_user.sh
		linux_install_single_user.sh = linux_install_single_user.sh
		README.md = README.md
		rpi_install.sh = rpi_install.sh
	EndProjectSection
EndProject
Global
	GlobalSection(SolutionConfigurationPlatforms) = preSolution
		Debug|Any CPU = Debug|Any CPU
		Release|Any CPU = Release|Any CPU
	EndGlobalSection
	GlobalSection(ProjectConfigurationPlatforms) = postSolution
		{7EB55A58-0C36-4286-8819-AA761A18592D}.Debug|Any CPU.ActiveCfg = Debug|Any CPU
		{7EB55A58-0C36-4286-8819-AA761A18592D}.Debug|Any CPU.Build.0 = Debug|Any CPU
		{7EB55A58-0C36-4286-8819-AA761A18592D}.Release|Any CPU.ActiveCfg = Release|Any CPU
		{7EB55A58-0C36-4286-8819-AA761A18592D}.Release|Any CPU.Build.0 = Release|Any CPU
	EndGlobalSection
	GlobalSection(SolutionProperties) = preSolution
		HideSolutionNode = FALSE
	EndGlobalSection
	GlobalSection(ExtensibilityGlobals) = postSolution
		SolutionGuid = {65B19C31-A36E-4919-ABA2-E193BC89248C}
	EndGlobalSection
EndGlobal
